{
  "originHash" : "1b163e431ac58573e1148685aa7e7ea303d24f9ef702bbb90df5787248d3a7a9",
  "pins" : [
    {
      "identity" : "charts",
      "kind" : "remoteSourceControl",
      "location" : "https://github.com/danielgindi/Charts",
      "state" : {
        "revision" : "dd9c72e3d7e751e769971092a6bd72d39198ae63",
        "version" : "5.1.0"
      }
    },
    {
      "identity" : "generative-ai-swift",
      "kind" : "remoteSourceControl",
      "location" : "https://github.com/google/generative-ai-swift",
      "state" : {
        "revision" : "44b8ce120425f9cf53ca756f3434ca2c2696f8bd",
        "version" : "0.5.6"
      }
    },
    {
      "identity" : "swiftuicalendar",
      "kind" : "remoteSourceControl",
      "location" : "https://github.com/GGJJack/SwiftUICalendar",
      "state" : {
        "revision" : "7ecd220909bc25529e35e2addb513a20abbfec82",
        "version" : "0.1.14"
      }
    }
  ],
  "version" : 3
}
